{
  "version": 4,
  "terraform_version": "1.2.2",
  "serial": 1,
  "lineage": "2e33f692-20be-c24e-1162-1b77a4a66bf1",
  "outputs": {},
  "resources": [
    {
      "mode": "managed",
      "type": "local_file",
      "name": "literature",
      "provider": "provider[\"registry.terraform.io/hashicorp/local\"]",
      "instances": [
        {
          "schema_version": 0,
          "attributes": {
            "content": "Sun Tzu said: The art of war is of vital importance to the State.\n \nIt is a matter of life and death, a road either to safety or to \nruin. Hence it is a subject of inquiry which can on no account \nbeneglected.\n",
            "content_base64": null,
            "directory_permission": "0777",
            "file_permission": "0777",
            "filename": "art_of_war.txt",
            "id": "00f9d0a01985477e65092557c2065e14bdb025b7",
            "sensitive_content": null,
            "source": null
          },
          "sensitive_attributes": [],
          "private": "bnVsbA=="
        }
      ]
    }
  ]
}
